
Microsoft Visual Studio Solution File, Format Version 12.00
# Visual Studio Version 17
VisualStudioVersion = 17.0.31903.59
MinimumVisualStudioVersion = 10.0.40219.1
Project("{FAE04EC0-301F-11D3-BF4B-00C04F79EFBC}") = "Lab05", "Lab05\Lab05.csproj", "{B7A423FB-42B0-4ED7-ADBC-A32A88238D82}"
EndProject
Project("{FAE04EC0-301F-11D3-BF4B-00C04F79EFBC}") = "Lab05.Tests", "Lab05.Tests\Lab05.Tests.csproj", "{D9AC9C7F-3E3F-4C12-8E5B-52F0BF1EEEDC}"
EndProject
Project("{FAE04EC0-301F-11D3-BF4B-00C04F79EFBC}") = "Lab05.Main", "Lab05.Main\Lab05.Main.csproj", "{A09FC175-06B2-4FB8-BBEB-D34C75ADF782}"
EndProject
Global
	GlobalSection(SolutionConfigurationPlatforms) = preSolution
		Debug|Any CPU = Debug|Any CPU
		Release|Any CPU = Release|Any CPU
	EndGlobalSection
	GlobalSection(SolutionProperties) = preSolution
		HideSolutionNode = FALSE
	EndGlobalSection
	GlobalSection(ProjectConfigurationPlatforms) = postSolution
		{B7A423FB-42B0-4ED7-ADBC-A32A88238D82}.Debug|Any CPU.ActiveCfg = Debug|Any CPU
		{B7A423FB-42B0-4ED7-ADBC-A32A88238D82}.Debug|Any CPU.Build.0 = Debug|Any CPU
		{B7A423FB-42B0-4ED7-ADBC-A32A88238D82}.Release|Any CPU.ActiveCfg = Release|Any CPU
		{B7A423FB-42B0-4ED7-ADBC-A32A88238D82}.Release|Any CPU.Build.0 = Release|Any CPU
		{D9AC9C7F-3E3F-4C12-8E5B-52F0BF1EEEDC}.Debug|Any CPU.ActiveCfg = Debug|Any CPU
		{D9AC9C7F-3E3F-4C12-8E5B-52F0BF1EEEDC}.Debug|Any CPU.Build.0 = Debug|Any CPU
		{D9AC9C7F-3E3F-4C12-8E5B-52F0BF1EEEDC}.Release|Any CPU.ActiveCfg = Release|Any CPU
		{D9AC9C7F-3E3F-4C12-8E5B-52F0BF1EEEDC}.Release|Any CPU.Build.0 = Release|Any CPU
		{A09FC175-06B2-4FB8-BBEB-D34C75ADF782}.Debug|Any CPU.ActiveCfg = Debug|Any CPU
		{A09FC175-06B2-4FB8-BBEB-D34C75ADF782}.Debug|Any CPU.Build.0 = Debug|Any CPU
		{A09FC175-06B2-4FB8-BBEB-D34C75ADF782}.Release|Any CPU.ActiveCfg = Release|Any CPU
		{A09FC175-06B2-4FB8-BBEB-D34C75ADF782}.Release|Any CPU.Build.0 = Release|Any CPU
	EndGlobalSection
EndGlobal
